
Microsoft Visual Studio Solution File, Format Version 12.00
# Visual Studio Version 17
VisualStudioVersion = 17.2.32630.192
MinimumVisualStudioVersion = 10.0.40219.1
Project("{FAE04EC0-301F-11D3-BF4B-00C04F79EFBC}") = "Core", "Core\Core.csproj", "{D43DF011-BCED-4570-9A55-73DA12FF5A24}"
EndProject
Project("{FAE04EC0-301F-11D3-BF4B-00C04F79EFBC}") = "Entities", "Entities\Entities.csproj", "{0C9AFF1F-161D-4BD9-A1C0-E343F0BBD615}"
EndProject
Project("{FAE04EC0-301F-11D3-BF4B-00C04F79EFBC}") = "DataAccess", "DataAccess\DataAccess.csproj", "{60FA32A7-BA92-4437-AA50-6FEAB2A532EE}"
EndProject
Project("{FAE04EC0-301F-11D3-BF4B-00C04F79EFBC}") = "Business", "Business\Business.csproj", "{1AFE7C01-95ED-4C8F-BB26-93F8913A387D}"
EndProject
Project("{FAE04EC0-301F-11D3-BF4B-00C04F79EFBC}") = "WebAPI", "WebAPI\WebAPI.csproj", "{B071F63A-7D39-4217-91C4-BF7816CE7FBC}"
EndProject
Global
	GlobalSection(SolutionConfigurationPlatforms) = preSolution
		Debug|Any CPU = Debug|Any CPU
		Release|Any CPU = Release|Any CPU
	EndGlobalSection
	GlobalSection(ProjectConfigurationPlatforms) = postSolution
		{D43DF011-BCED-4570-9A55-73DA12FF5A24}.Debug|Any CPU.ActiveCfg = Debug|Any CPU
		{D43DF011-BCED-4570-9A55-73DA12FF5A24}.Debug|Any CPU.Build.0 = Debug|Any CPU
		{D43DF011-BCED-4570-9A55-73DA12FF5A24}.Release|Any CPU.ActiveCfg = Release|Any CPU
		{D43DF011-BCED-4570-9A55-73DA12FF5A24}.Release|Any CPU.Build.0 = Release|Any CPU
		{0C9AFF1F-161D-4BD9-A1C0-E343F0BBD615}.Debug|Any CPU.ActiveCfg = Debug|Any CPU
		{0C9AFF1F-161D-4BD9-A1C0-E343F0BBD615}.Debug|Any CPU.Build.0 = Debug|Any CPU
		{0C9AFF1F-161D-4BD9-A1C0-E343F0BBD615}.Release|Any CPU.ActiveCfg = Release|Any CPU
		{0C9AFF1F-161D-4BD9-A1C0-E343F0BBD615}.Release|Any CPU.Build.0 = Release|Any CPU
		{60FA32A7-BA92-4437-AA50-6FEAB2A532EE}.Debug|Any CPU.ActiveCfg = Debug|Any CPU
		{60FA32A7-BA92-4437-AA50-6FEAB2A532EE}.Debug|Any CPU.Build.0 = Debug|Any CPU
		{60FA32A7-BA92-4437-AA50-6FEAB2A532EE}.Release|Any CPU.ActiveCfg = Release|Any CPU
		{60FA32A7-BA92-4437-AA50-6FEAB2A532EE}.Release|Any CPU.Build.0 = Release|Any CPU
		{1AFE7C01-95ED-4C8F-BB26-93F8913A387D}.Debug|Any CPU.ActiveCfg = Debug|Any CPU
		{1AFE7C01-95ED-4C8F-BB26-93F8913A387D}.Debug|Any CPU.Build.0 = Debug|Any CPU
		{1AFE7C01-95ED-4C8F-BB26-93F8913A387D}.Release|Any CPU.ActiveCfg = Release|Any CPU
		{1AFE7C01-95ED-4C8F-BB26-93F8913A387D}.Release|Any CPU.Build.0 = Release|Any CPU
		{B071F63A-7D39-4217-91C4-BF7816CE7FBC}.Debug|Any CPU.ActiveCfg = Debug|Any CPU
		{B071F63A-7D39-4217-91C4-BF7816CE7FBC}.Debug|Any CPU.Build.0 = Debug|Any CPU
		{B071F63A-7D39-4217-91C4-BF7816CE7FBC}.Release|Any CPU.ActiveCfg = Release|Any CPU
		{B071F63A-7D39-4217-91C4-BF7816CE7FBC}.Release|Any CPU.Build.0 = Release|Any CPU
	EndGlobalSection
	GlobalSection(SolutionProperties) = preSolution
		HideSolutionNode = FALSE
	EndGlobalSection
	GlobalSection(ExtensibilityGlobals) = postSolution
		SolutionGuid = {ED540DEB-5F08-4EA9-BD9A-A8CCFC92308F}
	EndGlobalSection
EndGlobal
